
Microsoft Visual Studio Solution File, Format Version 12.00
# Visual Studio 15
VisualStudioVersion = 15.0.28307.136
MinimumVisualStudioVersion = 10.0.40219.1
Project("{FAE04EC0-301F-11D3-BF4B-00C04F79EFBC}") = "SVGToJson", "SVGToJson.csproj", "{DB8A3AFE-2686-441E-B2C7-5CE94A53184C}"
EndProject
Global
	GlobalSection(SolutionConfigurationPlatforms) = preSolution
		Debug|Any CPU = Debug|Any CPU
		Release|Any CPU = Release|Any CPU
	EndGlobalSection
	GlobalSection(ProjectConfigurationPlatforms) = postSolution
		{DB8A3AFE-2686-441E-B2C7-5CE94A53184C}.Debug|Any CPU.ActiveCfg = Debug|Any CPU
		{DB8A3AFE-2686-441E-B2C7-5CE94A53184C}.Debug|Any CPU.Build.0 = Debug|Any CPU
		{DB8A3AFE-2686-441E-B2C7-5CE94A53184C}.Release|Any CPU.ActiveCfg = Release|Any CPU
		{DB8A3AFE-2686-441E-B2C7-5CE94A53184C}.Release|Any CPU.Build.0 = Release|Any CPU
	EndGlobalSection
	GlobalSection(SolutionProperties) = preSolution
		HideSolutionNode = FALSE
	EndGlobalSection
	GlobalSection(ExtensibilityGlobals) = postSolution
		SolutionGuid = {A83EAAD5-7395-404D-BCAC-A1916F77FDEF}
	EndGlobalSection
EndGlobal
